// !$*UTF8*$!
{
	archiveVersion = 1;
	classes = {
	};
	objectVersion = 56;
	objects = {

/* Begin PBXBuildFile section */
		2F7675D428D1AD6F00EED097 /* Assets.xcassets in Resources */ = {isa = PBXBuildFile; fileRef = 2F7675D328D1AD6F00EED097 /* Assets.xcassets */; };
		2F7675D828D1AD6F00EED097 /* Preview Assets.xcassets in Resources */ = {isa = PBXBuildFile; fileRef = 2F7675D728D1AD6F00EED097 /* Preview Assets.xcassets */; };
		2F7675DF28D1ADAB00EED097 /* README.md in Resources */ = {isa = PBXBuildFile; fileRef = 2F7675DE28D1ADAB00EED097 /* README.md */; };
		2F76760128D1ADB700EED097 /* AddTodoListModal.swift in Sources */ = {isa = PBXBuildFile; fileRef = 2F7675E228D1ADB700EED097 /* AddTodoListModal.swift */; };
		2F76760228D1ADB700EED097 /* CategoryListModal.swift in Sources */ = {isa = PBXBuildFile; fileRef = 2F7675E328D1ADB700EED097 /* CategoryListModal.swift */; };
		2F76760328D1ADB700EED097 /* AddTodoModal.swift in Sources */ = {isa = PBXBuildFile; fileRef = 2F7675E428D1ADB700EED097 /* AddTodoModal.swift */; };
		2F76760428D1ADB700EED097 /* ImagePicker.swift in Sources */ = {isa = PBXBuildFile; fileRef = 2F7675E628D1ADB700EED097 /* ImagePicker.swift */; };
		2F76760528D1ADB700EED097 /* TodoDetailScreen.swift in Sources */ = {isa = PBXBuildFile; fileRef = 2F7675E828D1ADB700EED097 /* TodoDetailScreen.swift */; };
		2F76760628D1ADB700EED097 /* TodoListScreen.swift in Sources */ = {isa = PBXBuildFile; fileRef = 2F7675E928D1ADB700EED097 /* TodoListScreen.swift */; };
		2F76760728D1ADB700EED097 /* HomeScreen.swift in Sources */ = {isa = PBXBuildFile; fileRef = 2F7675EA28D1ADB700EED097 /* HomeScreen.swift */; };
		2F76760828D1ADB700EED097 /* AllTodoView.swift in Sources */ = {isa = PBXBuildFile; fileRef = 2F7675EC28D1ADB700EED097 /* AllTodoView.swift */; };
		2F76760928D1ADB700EED097 /* AllTodoListView.swift in Sources */ = {isa = PBXBuildFile; fileRef = 2F7675ED28D1ADB700EED097 /* AllTodoListView.swift */; };
		2F76760A28D1ADB700EED097 /* CircularView.swift in Sources */ = {isa = PBXBuildFile; fileRef = 2F7675EE28D1ADB700EED097 /* CircularView.swift */; };
		2F76760B28D1ADB700EED097 /* TodosApp.swift in Sources */ = {isa = PBXBuildFile; fileRef = 2F7675F028D1ADB700EED097 /* TodosApp.swift */; };
		2F76760D28D1ADB700EED097 /* CoreDataProvider.swift in Sources */ = {isa = PBXBuildFile; fileRef = 2F7675F328D1ADB700EED097 /* CoreDataProvider.swift */; };
		2F76760E28D1ADB700EED097 /* Category+CoreDataProperties.swift in Sources */ = {isa = PBXBuildFile; fileRef = 2F7675F428D1ADB700EED097 /* Category+CoreDataProperties.swift */; };
		2F76760F28D1ADB700EED097 /* Todo+CoreDataClass.swift in Sources */ = {isa = PBXBuildFile; fileRef = 2F7675F528D1ADB700EED097 /* Todo+CoreDataClass.swift */; };
		2F76761028D1ADB700EED097 /* Todo+CoreDataProperties.swift in Sources */ = {isa = PBXBuildFile; fileRef = 2F7675F628D1ADB700EED097 /* Todo+CoreDataProperties.swift */; };
		2F76761128D1ADB700EED097 /* Priority.swift in Sources */ = {isa = PBXBuildFile; fileRef = 2F7675F728D1ADB700EED097 /* Priority.swift */; };
		2F76761228D1ADB700EED097 /* TodoList+CoreDataProperties.swift in Sources */ = {isa = PBXBuildFile; fileRef = 2F7675F828D1ADB700EED097 /* TodoList+CoreDataProperties.swift */; };
		2F76761328D1ADB700EED097 /* Category+CoreDataClass.swift in Sources */ = {isa = PBXBuildFile; fileRef = 2F7675F928D1ADB700EED097 /* Category+CoreDataClass.swift */; };
		2F76761428D1ADB700EED097 /* UIImageTransformer.swift in Sources */ = {isa = PBXBuildFile; fileRef = 2F7675FA28D1ADB700EED097 /* UIImageTransformer.swift */; };
		2F76761528D1ADB700EED097 /* Entities.xcdatamodeld in Sources */ = {isa = PBXBuildFile; fileRef = 2F7675FB28D1ADB700EED097 /* Entities.xcdatamodeld */; };
		2F76761628D1ADB700EED097 /* TodoList+CoreDataClass.swift in Sources */ = {isa = PBXBuildFile; fileRef = 2F7675FD28D1ADB700EED097 /* TodoList+CoreDataClass.swift */; };
		2F76761728D1ADB700EED097 /* String+Ext.swift in Sources */ = {isa = PBXBuildFile; fileRef = 2F7675FF28D1ADB700EED097 /* String+Ext.swift */; };
		2F76761828D1ADB700EED097 /* View+Ext.swift in Sources */ = {isa = PBXBuildFile; fileRef = 2F76760028D1ADB700EED097 /* View+Ext.swift */; };
		2F76761A28D1BA7B00EED097 /* UIColorTransformer.swift in Sources */ = {isa = PBXBuildFile; fileRef = 2F76761928D1BA7B00EED097 /* UIColorTransformer.swift */; };
		2F76761E28D1FEC300EED097 /* TodoList+Extensions.swift in Sources */ = {isa = PBXBuildFile; fileRef = 2F76761D28D1FEC300EED097 /* TodoList+Extensions.swift */; };
		2F76762028D1FECD00EED097 /* Todo+Extensions.swift in Sources */ = {isa = PBXBuildFile; fileRef = 2F76761F28D1FECD00EED097 /* Todo+Extensions.swift */; };
		2F76762228D1FEE600EED097 /* Category+Extensions.swift in Sources */ = {isa = PBXBuildFile; fileRef = 2F76762128D1FEE600EED097 /* Category+Extensions.swift */; };
		2F76762428D1FEFC00EED097 /* NSManagedObject+Extensions.swift in Sources */ = {isa = PBXBuildFile; fileRef = 2F76762328D1FEFC00EED097 /* NSManagedObject+Extensions.swift */; };
/* End PBXBuildFile section */

/* Begin PBXFileReference section */
		2F7675CC28D1AD6F00EED097 /* Todos.app */ = {isa = PBXFileReference; explicitFileType = wrapper.application; includeInIndex = 0; path = Todos.app; sourceTree = BUILT_PRODUCTS_DIR; };
		2F7675D328D1AD6F00EED097 /* Assets.xcassets */ = {isa = PBXFileReference; lastKnownFileType = folder.assetcatalog; path = Assets.xcassets; sourceTree = "<group>"; };
		2F7675D528D1AD6F00EED097 /* Todos.entitlements */ = {isa = PBXFileReference; lastKnownFileType = text.plist.entitlements; path = Todos.entitlements; sourceTree = "<group>"; };
		2F7675D728D1AD6F00EED097 /* Preview Assets.xcassets */ = {isa = PBXFileReference; lastKnownFileType = folder.assetcatalog; path = "Preview Assets.xcassets"; sourceTree = "<group>"; };
		2F7675DE28D1ADAB00EED097 /* README.md */ = {isa = PBXFileReference; fileEncoding = 4; lastKnownFileType = net.daringfireball.markdown; path = README.md; sourceTree = "<group>"; };
		2F7675E228D1ADB700EED097 /* AddTodoListModal.swift */ = {isa = PBXFileReference; fileEncoding = 4; lastKnownFileType = sourcecode.swift; path = AddTodoListModal.swift; sourceTree = "<group>"; };
		2F7675E328D1ADB700EED097 /* CategoryListModal.swift */ = {isa = PBXFileReference; fileEncoding = 4; lastKnownFileType = sourcecode.swift; path = CategoryListModal.swift; sourceTree = "<group>"; };
		2F7675E428D1ADB700EED097 /* AddTodoModal.swift */ = {isa = PBXFileReference; fileEncoding = 4; lastKnownFileType = sourcecode.swift; path = AddTodoModal.swift; sourceTree = "<group>"; };
		2F7675E628D1ADB700EED097 /* ImagePicker.swift */ = {isa = PBXFileReference; fileEncoding = 4; lastKnownFileType = sourcecode.swift; path = ImagePicker.swift; sourceTree = "<group>"; };
		2F7675E828D1ADB700EED097 /* TodoDetailScreen.swift */ = {isa = PBXFileReference; fileEncoding = 4; lastKnownFileType = sourcecode.swift; path = TodoDetailScreen.swift; sourceTree = "<group>"; };
		2F7675E928D1ADB700EED097 /* TodoListScreen.swift */ = {isa = PBXFileReference; fileEncoding = 4; lastKnownFileType = sourcecode.swift; path = TodoListScreen.swift; sourceTree = "<group>"; };
		2F7675EA28D1ADB700EED097 /* HomeScreen.swift */ = {isa = PBXFileReference; fileEncoding = 4; lastKnownFileType = sourcecode.swift; path = HomeScreen.swift; sourceTree = "<group>"; };
		2F7675EC28D1ADB700EED097 /* AllTodoView.swift */ = {isa = PBXFileReference; fileEncoding = 4; lastKnownFileType = sourcecode.swift; path = AllTodoView.swift; sourceTree = "<group>"; };
		2F7675ED28D1ADB700EED097 /* AllTodoListView.swift */ = {isa = PBXFileReference; fileEncoding = 4; lastKnownFileType = sourcecode.swift; path = AllTodoListView.swift; sourceTree = "<group>"; };
		2F7675EE28D1ADB700EED097 /* CircularView.swift */ = {isa = PBXFileReference; fileEncoding = 4; lastKnownFileType = sourcecode.swift; path = CircularView.swift; sourceTree = "<group>"; };
		2F7675F028D1ADB700EED097 /* TodosApp.swift */ = {isa = PBXFileReference; fileEncoding = 4; lastKnownFileType = sourcecode.swift; path = TodosApp.swift; sourceTree = "<group>"; };
		2F7675F328D1ADB700EED097 /* CoreDataProvider.swift */ = {isa = PBXFileReference; fileEncoding = 4; lastKnownFileType = sourcecode.swift; path = CoreDataProvider.swift; sourceTree = "<group>"; };
		2F7675F428D1ADB700EED097 /* Category+CoreDataProperties.swift */ = {isa = PBXFileReference; fileEncoding = 4; lastKnownFileType = sourcecode.swift; path = "Category+CoreDataProperties.swift"; sourceTree = "<group>"; };
		2F7675F528D1ADB700EED097 /* Todo+CoreDataClass.swift */ = {isa = PBXFileReference; fileEncoding = 4; lastKnownFileType = sourcecode.swift; path = "Todo+CoreDataClass.swift"; sourceTree = "<group>"; };
		2F7675F628D1ADB700EED097 /* Todo+CoreDataProperties.swift */ = {isa = PBXFileReference; fileEncoding = 4; lastKnownFileType = sourcecode.swift; path = "Todo+CoreDataProperties.swift"; sourceTree = "<group>"; };
		2F7675F728D1ADB700EED097 /* Priority.swift */ = {isa = PBXFileReference; fileEncoding = 4; lastKnownFileType = sourcecode.swift; path = Priority.swift; sourceTree = "<group>"; };
		2F7675F828D1ADB700EED097 /* TodoList+CoreDataProperties.swift */ = {isa = PBXFileReference; fileEncoding = 4; lastKnownFileType = sourcecode.swift; path = "TodoList+CoreDataProperties.swift"; sourceTree = "<group>"; };
		2F7675F928D1ADB700EED097 /* Category+CoreDataClass.swift */ = {isa = PBXFileReference; fileEncoding = 4; lastKnownFileType = sourcecode.swift; path = "Category+CoreDataClass.swift"; sourceTree = "<group>"; };
		2F7675FA28D1ADB700EED097 /* UIImageTransformer.swift */ = {isa = PBXFileReference; fileEncoding = 4; lastKnownFileType = sourcecode.swift; path = UIImageTransformer.swift; sourceTree = "<group>"; };
		2F7675FC28D1ADB700EED097 /* Entities.xcdatamodel */ = {isa = PBXFileReference; lastKnownFileType = wrapper.xcdatamodel; path = Entities.xcdatamodel; sourceTree = "<group>"; };
		2F7675FD28D1ADB700EED097 /* TodoList+CoreDataClass.swift */ = {isa = PBXFileReference; fileEncoding = 4; lastKnownFileType = sourcecode.swift; path = "TodoList+CoreDataClass.swift"; sourceTree = "<group>"; };
		2F7675FF28D1ADB700EED097 /* String+Ext.swift */ = {isa = PBXFileReference; fileEncoding = 4; lastKnownFileType = sourcecode.swift; path = "String+Ext.swift"; sourceTree = "<group>"; };
		2F76760028D1ADB700EED097 /* View+Ext.swift */ = {isa = PBXFileReference; fileEncoding = 4; lastKnownFileType = sourcecode.swift; path = "View+Ext.swift"; sourceTree = "<group>"; };
		2F76761928D1BA7B00EED097 /* UIColorTransformer.swift */ = {isa = PBXFileReference; lastKnownFileType = sourcecode.swift; path = UIColorTransformer.swift; sourceTree = "<group>"; };
		2F76761D28D1FEC300EED097 /* TodoList+Extensions.swift */ = {isa = PBXFileReference; lastKnownFileType = sourcecode.swift; path = "TodoList+Extensions.swift"; sourceTree = "<group>"; };
		2F76761F28D1FECD00EED097 /* Todo+Extensions.swift */ = {isa = PBXFileReference; lastKnownFileType = sourcecode.swift; path = "Todo+Extensions.swift"; sourceTree = "<group>"; };
		2F76762128D1FEE600EED097 /* Category+Extensions.swift */ = {isa = PBXFileReference; lastKnownFileType = sourcecode.swift; path = "Category+Extensions.swift"; sourceTree = "<group>"; };
		2F76762328D1FEFC00EED097 /* NSManagedObject+Extensions.swift */ = {isa = PBXFileReference; lastKnownFileType = sourcecode.swift; path = "NSManagedObject+Extensions.swift"; sourceTree = "<group>"; };
/* End PBXFileReference section */

/* Begin PBXFrameworksBuildPhase section */
		2F7675C928D1AD6F00EED097 /* Frameworks */ = {
			isa = PBXFrameworksBuildPhase;
			buildActionMask = 2147483647;
			files = (
			);
			runOnlyForDeploymentPostprocessing = 0;
		};
/* End PBXFrameworksBuildPhase section */

/* Begin PBXGroup section */
		2F7675C328D1AD6F00EED097 = {
			isa = PBXGroup;
			children = (
				2F7675DE28D1ADAB00EED097 /* README.md */,
				2F7675CE28D1AD6F00EED097 /* Todos */,
				2F7675CD28D1AD6F00EED097 /* Products */,
			);
			sourceTree = "<group>";
		};
		2F7675CD28D1AD6F00EED097 /* Products */ = {
			isa = PBXGroup;
			children = (
				2F7675CC28D1AD6F00EED097 /* Todos.app */,
			);
			name = Products;
			sourceTree = "<group>";
		};
		2F7675CE28D1AD6F00EED097 /* Todos */ = {
			isa = PBXGroup;
			children = (
				2F7675EF28D1ADB700EED097 /* App */,
				2F7675F228D1ADB700EED097 /* Data */,
				2F7675FE28D1ADB700EED097 /* Extensions */,
				2F7675E028D1ADB700EED097 /* UI */,
				2F7675D528D1AD6F00EED097 /* Todos.entitlements */,
				2F7675D628D1AD6F00EED097 /* Preview Content */,
			);
			path = Todos;
			sourceTree = "<group>";
		};
		2F7675D628D1AD6F00EED097 /* Preview Content */ = {
			isa = PBXGroup;
			children = (
				2F7675D728D1AD6F00EED097 /* Preview Assets.xcassets */,
			);
			path = "Preview Content";
			sourceTree = "<group>";
		};
		2F7675E028D1ADB700EED097 /* UI */ = {
			isa = PBXGroup;
			children = (
				2F7675E728D1ADB700EED097 /* Screens */,
				2F7675E128D1ADB700EED097 /* Modals */,
				2F7675EB28D1ADB700EED097 /* Views */,
				2F7675E528D1ADB700EED097 /* Utils */,
			);
			path = UI;
			sourceTree = "<group>";
		};
		2F7675E128D1ADB700EED097 /* Modals */ = {
			isa = PBXGroup;
			children = (
				2F7675E228D1ADB700EED097 /* AddTodoListModal.swift */,
				2F7675E428D1ADB700EED097 /* AddTodoModal.swift */,
				2F7675E328D1ADB700EED097 /* CategoryListModal.swift */,
			);
			path = Modals;
			sourceTree = "<group>";
		};
		2F7675E528D1ADB700EED097 /* Utils */ = {
			isa = PBXGroup;
			children = (
				2F7675E628D1ADB700EED097 /* ImagePicker.swift */,
			);
			path = Utils;
			sourceTree = "<group>";
		};
		2F7675E728D1ADB700EED097 /* Screens */ = {
			isa = PBXGroup;
			children = (
				2F7675EA28D1ADB700EED097 /* HomeScreen.swift */,
				2F7675E928D1ADB700EED097 /* TodoListScreen.swift */,
				2F7675E828D1ADB700EED097 /* TodoDetailScreen.swift */,
			);
			path = Screens;
			sourceTree = "<group>";
		};
		2F7675EB28D1ADB700EED097 /* Views */ = {
			isa = PBXGroup;
			children = (
				2F7675ED28D1ADB700EED097 /* AllTodoListView.swift */,
				2F7675EC28D1ADB700EED097 /* AllTodoView.swift */,
				2F7675EE28D1ADB700EED097 /* CircularView.swift */,
			);
			path = Views;
			sourceTree = "<group>";
		};
		2F7675EF28D1ADB700EED097 /* App */ = {
			isa = PBXGroup;
			children = (
				2F7675F028D1ADB700EED097 /* TodosApp.swift */,
				2F7675D328D1AD6F00EED097 /* Assets.xcassets */,
			);
			path = App;
			sourceTree = "<group>";
		};
		2F7675F228D1ADB700EED097 /* Data */ = {
			isa = PBXGroup;
			children = (
				2F76761C28D1BF3C00EED097 /* Transformers */,
				2F76761B28D1BF2B00EED097 /* Models */,
				2F7675F328D1ADB700EED097 /* CoreDataProvider.swift */,
				2F76762328D1FEFC00EED097 /* NSManagedObject+Extensions.swift */,
				2F7675FB28D1ADB700EED097 /* Entities.xcdatamodeld */,
			);
			path = Data;
			sourceTree = "<group>";
		};
		2F7675FE28D1ADB700EED097 /* Extensions */ = {
			isa = PBXGroup;
			children = (
				2F7675FF28D1ADB700EED097 /* String+Ext.swift */,
				2F76760028D1ADB700EED097 /* View+Ext.swift */,
			);
			path = Extensions;
			sourceTree = "<group>";
		};
		2F76761B28D1BF2B00EED097 /* Models */ = {
			isa = PBXGroup;
			children = (
				2F7675FD28D1ADB700EED097 /* TodoList+CoreDataClass.swift */,
				2F7675F828D1ADB700EED097 /* TodoList+CoreDataProperties.swift */,
				2F76761D28D1FEC300EED097 /* TodoList+Extensions.swift */,
				2F7675F528D1ADB700EED097 /* Todo+CoreDataClass.swift */,
				2F7675F628D1ADB700EED097 /* Todo+CoreDataProperties.swift */,
				2F76761F28D1FECD00EED097 /* Todo+Extensions.swift */,
				2F7675F728D1ADB700EED097 /* Priority.swift */,
				2F7675F928D1ADB700EED097 /* Category+CoreDataClass.swift */,
				2F7675F428D1ADB700EED097 /* Category+CoreDataProperties.swift */,
				2F76762128D1FEE600EED097 /* Category+Extensions.swift */,
			);
			path = Models;
			sourceTree = "<group>";
		};
		2F76761C28D1BF3C00EED097 /* Transformers */ = {
			isa = PBXGroup;
			children = (
				2F76761928D1BA7B00EED097 /* UIColorTransformer.swift */,
				2F7675FA28D1ADB700EED097 /* UIImageTransformer.swift */,
			);
			path = Transformers;
			sourceTree = "<group>";
		};
/* End PBXGroup section */

/* Begin PBXNativeTarget section */
		2F7675CB28D1AD6F00EED097 /* Todos */ = {
			isa = PBXNativeTarget;
			buildConfigurationList = 2F7675DB28D1AD6F00EED097 /* Build configuration list for PBXNativeTarget "Todos" */;
			buildPhases = (
				2F7675C828D1AD6F00EED097 /* Sources */,
				2F7675C928D1AD6F00EED097 /* Frameworks */,
				2F7675CA28D1AD6F00EED097 /* Resources */,
			);
			buildRules = (
			);
			dependencies = (
			);
			name = Todos;
			productName = Todos;
			productReference = 2F7675CC28D1AD6F00EED097 /* Todos.app */;
			productType = "com.apple.product-type.application";
		};
/* End PBXNativeTarget section */

/* Begin PBXProject section */
		2F7675C428D1AD6F00EED097 /* Project object */ = {
			isa = PBXProject;
			attributes = {
				BuildIndependentTargetsInParallel = 1;
				LastSwiftUpdateCheck = 1400;
				LastUpgradeCheck = 1400;
				TargetAttributes = {
					2F7675CB28D1AD6F00EED097 = {
						CreatedOnToolsVersion = 14.0;
					};
				};
			};
			buildConfigurationList = 2F7675C728D1AD6F00EED097 /* Build configuration list for PBXProject "Todos" */;
			compatibilityVersion = "Xcode 14.0";
			developmentRegion = en;
			hasScannedForEncodings = 0;
			knownRegions = (
				en,
				Base,
			);
			mainGroup = 2F7675C328D1AD6F00EED097;
			productRefGroup = 2F7675CD28D1AD6F00EED097 /* Products */;
			projectDirPath = "";
			projectRoot = "";
			targets = (
				2F7675CB28D1AD6F00EED097 /* Todos */,
			);
		};
/* End PBXProject section */

/* Begin PBXResourcesBuildPhase section */
		2F7675CA28D1AD6F00EED097 /* Resources */ = {
			isa = PBXResourcesBuildPhase;
			buildActionMask = 2147483647;
			files = (
				2F7675DF28D1ADAB00EED097 /* README.md in Resources */,
				2F7675D828D1AD6F00EED097 /* Preview Assets.xcassets in Resources */,
				2F7675D428D1AD6F00EED097 /* Assets.xcassets in Resources */,
			);
			runOnlyForDeploymentPostprocessing = 0;
		};
/* End PBXResourcesBuildPhase section */

/* Begin PBXSourcesBuildPhase section */
		2F7675C828D1AD6F00EED097 /* Sources */ = {
			isa = PBXSourcesBuildPhase;
			buildActionMask = 2147483647;
			files = (
				2F76761228D1ADB700EED097 /* TodoList+CoreDataProperties.swift in Sources */,
				2F76761628D1ADB700EED097 /* TodoList+CoreDataClass.swift in Sources */,
				2F76760928D1ADB700EED097 /* AllTodoListView.swift in Sources */,
				2F76761A28D1BA7B00EED097 /* UIColorTransformer.swift in Sources */,
				2F76760128D1ADB700EED097 /* AddTodoListModal.swift in Sources */,
				2F76760628D1ADB700EED097 /* TodoListScreen.swift in Sources */,
				2F76760528D1ADB700EED097 /* TodoDetailScreen.swift in Sources */,
				2F76761728D1ADB700EED097 /* String+Ext.swift in Sources */,
				2F76761828D1ADB700EED097 /* View+Ext.swift in Sources */,
				2F76760328D1ADB700EED097 /* AddTodoModal.swift in Sources */,
				2F76760828D1ADB700EED097 /* AllTodoView.swift in Sources */,
				2F76762028D1FECD00EED097 /* Todo+Extensions.swift in Sources */,
				2F76761028D1ADB700EED097 /* Todo+CoreDataProperties.swift in Sources */,
				2F76762428D1FEFC00EED097 /* NSManagedObject+Extensions.swift in Sources */,
				2F76760E28D1ADB700EED097 /* Category+CoreDataProperties.swift in Sources */,
				2F76760728D1ADB700EED097 /* HomeScreen.swift in Sources */,
				2F76760428D1ADB700EED097 /* ImagePicker.swift in Sources */,
				2F76761528D1ADB700EED097 /* Entities.xcdatamodeld in Sources */,
				2F76760A28D1ADB700EED097 /* CircularView.swift in Sources */,
				2F76762228D1FEE600EED097 /* Category+Extensions.swift in Sources */,
				2F76761328D1ADB700EED097 /* Category+CoreDataClass.swift in Sources */,
				2F76760B28D1ADB700EED097 /* TodosApp.swift in Sources */,
				2F76760F28D1ADB700EED097 /* Todo+CoreDataClass.swift in Sources */,
				2F76760D28D1ADB700EED097 /* CoreDataProvider.swift in Sources */,
				2F76760228D1ADB700EED097 /* CategoryListModal.swift in Sources */,
				2F76761E28D1FEC300EED097 /* TodoList+Extensions.swift in Sources */,
				2F76761128D1ADB700EED097 /* Priority.swift in Sources */,
				2F76761428D1ADB700EED097 /* UIImageTransformer.swift in Sources */,
			);
			runOnlyForDeploymentPostprocessing = 0;
		};
/* End PBXSourcesBuildPhase section */

/* Begin XCBuildConfiguration section */
		2F7675D928D1AD6F00EED097 /* Debug */ = {
			isa = XCBuildConfiguration;
			buildSettings = {
				ALWAYS_SEARCH_USER_PATHS = NO;
				CLANG_ANALYZER_NONNULL = YES;
				CLANG_ANALYZER_NUMBER_OBJECT_CONVERSION = YES_AGGRESSIVE;
				CLANG_CXX_LANGUAGE_STANDARD = "gnu++20";
				CLANG_ENABLE_MODULES = YES;
				CLANG_ENABLE_OBJC_ARC = YES;
				CLANG_ENABLE_OBJC_WEAK = YES;
				CLANG_WARN_BLOCK_CAPTURE_AUTORELEASING = YES;
				CLANG_WARN_BOOL_CONVERSION = YES;
				CLANG_WARN_COMMA = YES;
				CLANG_WARN_CONSTANT_CONVERSION = YES;
				CLANG_WARN_DEPRECATED_OBJC_IMPLEMENTATIONS = YES;
				CLANG_WARN_DIRECT_OBJC_ISA_USAGE = YES_ERROR;
				CLANG_WARN_DOCUMENTATION_COMMENTS = YES;
				CLANG_WARN_EMPTY_BODY = YES;
				CLANG_WARN_ENUM_CONVERSION = YES;
				CLANG_WARN_INFINITE_RECURSION = YES;
				CLANG_WARN_INT_CONVERSION = YES;
				CLANG_WARN_NON_LITERAL_NULL_CONVERSION = YES;
				CLANG_WARN_OBJC_IMPLICIT_RETAIN_SELF = YES;
				CLANG_WARN_OBJC_LITERAL_CONVERSION = YES;
				CLANG_WARN_OBJC_ROOT_CLASS = YES_ERROR;
				CLANG_WARN_QUOTED_INCLUDE_IN_FRAMEWORK_HEADER = YES;
				CLANG_WARN_RANGE_LOOP_ANALYSIS = YES;
				CLANG_WARN_STRICT_PROTOTYPES = YES;
				CLANG_WARN_SUSPICIOUS_MOVE = YES;
				CLANG_WARN_UNGUARDED_AVAILABILITY = YES_AGGRESSIVE;
				CLANG_WARN_UNREACHABLE_CODE = YES;
				CLANG_WARN__DUPLICATE_METHOD_MATCH = YES;
				COPY_PHASE_STRIP = NO;
				DEBUG_INFORMATION_FORMAT = dwarf;
				ENABLE_STRICT_OBJC_MSGSEND = YES;
				ENABLE_TESTABILITY = YES;
				GCC_C_LANGUAGE_STANDARD = gnu11;
				GCC_DYNAMIC_NO_PIC = NO;
				GCC_NO_COMMON_BLOCKS = YES;
				GCC_OPTIMIZATION_LEVEL = 0;
				GCC_PREPROCESSOR_DEFINITIONS = (
					"DEBUG=1",
					"$(inherited)",
				);
				GCC_WARN_64_TO_32_BIT_CONVERSION = YES;
				GCC_WARN_ABOUT_RETURN_TYPE = YES_ERROR;
				GCC_WARN_UNDECLARED_SELECTOR = YES;
				GCC_WARN_UNINITIALIZED_AUTOS = YES_AGGRESSIVE;
				GCC_WARN_UNUSED_FUNCTION = YES;
				GCC_WARN_UNUSED_VARIABLE = YES;
				MTL_ENABLE_DEBUG_INFO = INCLUDE_SOURCE;
				MTL_FAST_MATH = YES;
				ONLY_ACTIVE_ARCH = YES;
				SWIFT_ACTIVE_COMPILATION_CONDITIONS = DEBUG;
				SWIFT_OPTIMIZATION_LEVEL = "-Onone";
			};
			name = Debug;
		};
		2F7675DA28D1AD6F00EED097 /* Release */ = {
			isa = XCBuildConfiguration;
			buildSettings = {
				ALWAYS_SEARCH_USER_PATHS = NO;
				CLANG_ANALYZER_NONNULL = YES;
				CLANG_ANALYZER_NUMBER_OBJECT_CONVERSION = YES_AGGRESSIVE;
				CLANG_CXX_LANGUAGE_STANDARD = "gnu++20";
				CLANG_ENABLE_MODULES = YES;
				CLANG_ENABLE_OBJC_ARC = YES;
				CLANG_ENABLE_OBJC_WEAK = YES;
				CLANG_WARN_BLOCK_CAPTURE_AUTORELEASING = YES;
				CLANG_WARN_BOOL_CONVERSION = YES;
				CLANG_WARN_COMMA = YES;
				CLANG_WARN_CONSTANT_CONVERSION = YES;
				CLANG_WARN_DEPRECATED_OBJC_IMPLEMENTATIONS = YES;
				CLANG_WARN_DIRECT_OBJC_ISA_USAGE = YES_ERROR;
				CLANG_WARN_DOCUMENTATION_COMMENTS = YES;
				CLANG_WARN_EMPTY_BODY = YES;
				CLANG_WARN_ENUM_CONVERSION = YES;
				CLANG_WARN_INFINITE_RECURSION = YES;
				CLANG_WARN_INT_CONVERSION = YES;
				CLANG_WARN_NON_LITERAL_NULL_CONVERSION = YES;
				CLANG_WARN_OBJC_IMPLICIT_RETAIN_SELF = YES;
				CLANG_WARN_OBJC_LITERAL_CONVERSION = YES;
				CLANG_WARN_OBJC_ROOT_CLASS = YES_ERROR;
				CLANG_WARN_QUOTED_INCLUDE_IN_FRAMEWORK_HEADER = YES;
				CLANG_WARN_RANGE_LOOP_ANALYSIS = YES;
				CLANG_WARN_STRICT_PROTOTYPES = YES;
				CLANG_WARN_SUSPICIOUS_MOVE = YES;
				CLANG_WARN_UNGUARDED_AVAILABILITY = YES_AGGRESSIVE;
				CLANG_WARN_UNREACHABLE_CODE = YES;
				CLANG_WARN__DUPLICATE_METHOD_MATCH = YES;
				COPY_PHASE_STRIP = NO;
				DEBUG_INFORMATION_FORMAT = "dwarf-with-dsym";
				ENABLE_NS_ASSERTIONS = NO;
				ENABLE_STRICT_OBJC_MSGSEND = YES;
				GCC_C_LANGUAGE_STANDARD = gnu11;
				GCC_NO_COMMON_BLOCKS = YES;
				GCC_WARN_64_TO_32_BIT_CONVERSION = YES;
				GCC_WARN_ABOUT_RETURN_TYPE = YES_ERROR;
				GCC_WARN_UNDECLARED_SELECTOR = YES;
				GCC_WARN_UNINITIALIZED_AUTOS = YES_AGGRESSIVE;
				GCC_WARN_UNUSED_FUNCTION = YES;
				GCC_WARN_UNUSED_VARIABLE = YES;
				MTL_ENABLE_DEBUG_INFO = NO;
				MTL_FAST_MATH = YES;
				SWIFT_COMPILATION_MODE = wholemodule;
				SWIFT_OPTIMIZATION_LEVEL = "-O";
			};
			name = Release;
		};
		2F7675DC28D1AD6F00EED097 /* Debug */ = {
			isa = XCBuildConfiguration;
			buildSettings = {
				ASSETCATALOG_COMPILER_APPICON_NAME = AppIcon;
				ASSETCATALOG_COMPILER_GLOBAL_ACCENT_COLOR_NAME = AccentColor;
				CODE_SIGN_ENTITLEMENTS = Todos/Todos.entitlements;
				CODE_SIGN_STYLE = Automatic;
				CURRENT_PROJECT_VERSION = 1;
				DEVELOPMENT_ASSET_PATHS = "\"Todos/Preview Content\"";
				DEVELOPMENT_TEAM = 4BP826FJGX;
				ENABLE_HARDENED_RUNTIME = YES;
				ENABLE_PREVIEWS = YES;
				GENERATE_INFOPLIST_FILE = YES;
				"INFOPLIST_KEY_UIApplicationSceneManifest_Generation[sdk=iphoneos*]" = YES;
				"INFOPLIST_KEY_UIApplicationSceneManifest_Generation[sdk=iphonesimulator*]" = YES;
				"INFOPLIST_KEY_UIApplicationSupportsIndirectInputEvents[sdk=iphoneos*]" = YES;
				"INFOPLIST_KEY_UIApplicationSupportsIndirectInputEvents[sdk=iphonesimulator*]" = YES;
				"INFOPLIST_KEY_UILaunchScreen_Generation[sdk=iphoneos*]" = YES;
				"INFOPLIST_KEY_UILaunchScreen_Generation[sdk=iphonesimulator*]" = YES;
				"INFOPLIST_KEY_UIStatusBarStyle[sdk=iphoneos*]" = UIStatusBarStyleDefault;
				"INFOPLIST_KEY_UIStatusBarStyle[sdk=iphonesimulator*]" = UIStatusBarStyleDefault;
				INFOPLIST_KEY_UISupportedInterfaceOrientations_iPad = "UIInterfaceOrientationPortrait UIInterfaceOrientationPortraitUpsideDown UIInterfaceOrientationLandscapeLeft UIInterfaceOrientationLandscapeRight";
				INFOPLIST_KEY_UISupportedInterfaceOrientations_iPhone = "UIInterfaceOrientationPortrait UIInterfaceOrientationLandscapeLeft UIInterfaceOrientationLandscapeRight";
				IPHONEOS_DEPLOYMENT_TARGET = 16.0;
				LD_RUNPATH_SEARCH_PATHS = "@executable_path/Frameworks";
				"LD_RUNPATH_SEARCH_PATHS[sdk=macosx*]" = "@executable_path/../Frameworks";
				MACOSX_DEPLOYMENT_TARGET = 12.3;
				MARKETING_VERSION = 1.0;
				PRODUCT_BUNDLE_IDENTIFIER = dev.neurothrone.Todos;
				PRODUCT_NAME = "$(TARGET_NAME)";
				SDKROOT = auto;
				SUPPORTED_PLATFORMS = "iphoneos iphonesimulator macosx";
				SWIFT_EMIT_LOC_STRINGS = YES;
				SWIFT_VERSION = 5.0;
				TARGETED_DEVICE_FAMILY = "1,2";
			};
			name = Debug;
		};
		2F7675DD28D1AD6F00EED097 /* Release */ = {
			isa = XCBuildConfiguration;
			buildSettings = {
				ASSETCATALOG_COMPILER_APPICON_NAME = AppIcon;
				ASSETCATALOG_COMPILER_GLOBAL_ACCENT_COLOR_NAME = AccentColor;
				CODE_SIGN_ENTITLEMENTS = Todos/Todos.entitlements;
				CODE_SIGN_STYLE = Automatic;
				CURRENT_PROJECT_VERSION = 1;
				DEVELOPMENT_ASSET_PATHS = "\"Todos/Preview Content\"";
				DEVELOPMENT_TEAM = 4BP826FJGX;
				ENABLE_HARDENED_RUNTIME = YES;
				ENABLE_PREVIEWS = YES;
				GENERATE_INFOPLIST_FILE = YES;
				"INFOPLIST_KEY_UIApplicationSceneManifest_Generation[sdk=iphoneos*]" = YES;
				"INFOPLIST_KEY_UIApplicationSceneManifest_Generation[sdk=iphonesimulator*]" = YES;
				"INFOPLIST_KEY_UIApplicationSupportsIndirectInputEvents[sdk=iphoneos*]" = YES;
				"INFOPLIST_KEY_UIApplicationSupportsIndirectInputEvents[sdk=iphonesimulator*]" = YES;
				"INFOPLIST_KEY_UILaunchScreen_Generation[sdk=iphoneos*]" = YES;
				"INFOPLIST_KEY_UILaunchScreen_Generation[sdk=iphonesimulator*]" = YES;
				"INFOPLIST_KEY_UIStatusBarStyle[sdk=iphoneos*]" = UIStatusBarStyleDefault;
				"INFOPLIST_KEY_UIStatusBarStyle[sdk=iphonesimulator*]" = UIStatusBarStyleDefault;
				INFOPLIST_KEY_UISupportedInterfaceOrientations_iPad = "UIInterfaceOrientationPortrait UIInterfaceOrientationPortraitUpsideDown UIInterfaceOrientationLandscapeLeft UIInterfaceOrientationLandscapeRight";
				INFOPLIST_KEY_UISupportedInterfaceOrientations_iPhone = "UIInterfaceOrientationPortrait UIInterfaceOrientationLandscapeLeft UIInterfaceOrientationLandscapeRight";
				IPHONEOS_DEPLOYMENT_TARGET = 16.0;
				LD_RUNPATH_SEARCH_PATHS = "@executable_path/Frameworks";
				"LD_RUNPATH_SEARCH_PATHS[sdk=macosx*]" = "@executable_path/../Frameworks";
				MACOSX_DEPLOYMENT_TARGET = 12.3;
				MARKETING_VERSION = 1.0;
				PRODUCT_BUNDLE_IDENTIFIER = dev.neurothrone.Todos;
				PRODUCT_NAME = "$(TARGET_NAME)";
				SDKROOT = auto;
				SUPPORTED_PLATFORMS = "iphoneos iphonesimulator macosx";
				SWIFT_EMIT_LOC_STRINGS = YES;
				SWIFT_VERSION = 5.0;
				TARGETED_DEVICE_FAMILY = "1,2";
			};
			name = Release;
		};
/* End XCBuildConfiguration section */

/* Begin XCConfigurationList section */
		2F7675C728D1AD6F00EED097 /* Build configuration list for PBXProject "Todos" */ = {
			isa = XCConfigurationList;
			buildConfigurations = (
				2F7675D928D1AD6F00EED097 /* Debug */,
				2F7675DA28D1AD6F00EED097 /* Release */,
			);
			defaultConfigurationIsVisible = 0;
			defaultConfigurationName = Release;
		};
		2F7675DB28D1AD6F00EED097 /* Build configuration list for PBXNativeTarget "Todos" */ = {
			isa = XCConfigurationList;
			buildConfigurations = (
				2F7675DC28D1AD6F00EED097 /* Debug */,
				2F7675DD28D1AD6F00EED097 /* Release */,
			);
			defaultConfigurationIsVisible = 0;
			defaultConfigurationName = Release;
		};
/* End XCConfigurationList section */

/* Begin XCVersionGroup section */
		2F7675FB28D1ADB700EED097 /* Entities.xcdatamodeld */ = {
			isa = XCVersionGroup;
			children = (
				2F7675FC28D1ADB700EED097 /* Entities.xcdatamodel */,
			);
			currentVersion = 2F7675FC28D1ADB700EED097 /* Entities.xcdatamodel */;
			path = Entities.xcdatamodeld;
			sourceTree = "<group>";
			versionGroupType = wrapper.xcdatamodel;
		};
/* End XCVersionGroup section */
	};
	rootObject = 2F7675C428D1AD6F00EED097 /* Project object */;
}
